
Microsoft Visual Studio Solution File, Format Version 12.00
# Visual Studio Version 18
VisualStudioVersion = 18.0.11222.15 d18.0
MinimumVisualStudioVersion = 10.0.40219.1
Project("{2150E333-8FDC-42A3-9474-1A3956D46DE8}") = "MEDVBiServ.APP", "MEDVBiServ.APP", "{47FE345A-0AC5-DB33-03E4-18A7D96EC018}"
EndProject
Project("{FAE04EC0-301F-11D3-BF4B-00C04F79EFBC}") = "MEDVBiServ", "MEDVBiServ\MEDVBiServ.csproj", "{C9ED011B-3895-4F19-A610-1ACE6AF69A75}"
EndProject
Project("{FAE04EC0-301F-11D3-BF4B-00C04F79EFBC}") = "MEDVBiServ.API", "MEDVBiServ.API\MEDVBiServ.API.csproj", "{5F57A3C3-5A7B-4ADB-81BB-D809AF6CE1DB}"
EndProject
Project("{FAE04EC0-301F-11D3-BF4B-00C04F79EFBC}") = "MEDVBiServ.Infrastructure", "MEDVBiServ.Infrastructure\MEDVBiServ.Infrastructure.csproj", "{27C196A2-BA50-4591-A2CB-B5DA4C2268EA}"
EndProject
Project("{FAE04EC0-301F-11D3-BF4B-00C04F79EFBC}") = "MEDVBiServ.Application", "MEDVBiServ.Application\MEDVBiServ.Application.csproj", "{B714592C-6912-4E92-A095-5C16E52E3580}"
EndProject
Project("{FAE04EC0-301F-11D3-BF4B-00C04F79EFBC}") = "MEDVBiServ.Domain", "MEDVBiServ.Domain\MEDVBiServ.Domain.csproj", "{3A1BB40B-7D3D-437D-9FB1-F014C15E3373}"
EndProject
Global
	GlobalSection(SolutionConfigurationPlatforms) = preSolution
		Debug|Any CPU = Debug|Any CPU
		Debug|x64 = Debug|x64
		Debug|x86 = Debug|x86
		Release|Any CPU = Release|Any CPU
		Release|x64 = Release|x64
		Release|x86 = Release|x86
	EndGlobalSection
	GlobalSection(ProjectConfigurationPlatforms) = postSolution
		{C9ED011B-3895-4F19-A610-1ACE6AF69A75}.Debug|Any CPU.ActiveCfg = Debug|Any CPU
		{C9ED011B-3895-4F19-A610-1ACE6AF69A75}.Debug|Any CPU.Build.0 = Debug|Any CPU
		{C9ED011B-3895-4F19-A610-1ACE6AF69A75}.Debug|x64.ActiveCfg = Debug|Any CPU
		{C9ED011B-3895-4F19-A610-1ACE6AF69A75}.Debug|x64.Build.0 = Debug|Any CPU
		{C9ED011B-3895-4F19-A610-1ACE6AF69A75}.Debug|x86.ActiveCfg = Debug|Any CPU
		{C9ED011B-3895-4F19-A610-1ACE6AF69A75}.Debug|x86.Build.0 = Debug|Any CPU
		{C9ED011B-3895-4F19-A610-1ACE6AF69A75}.Release|Any CPU.ActiveCfg = Release|Any CPU
		{C9ED011B-3895-4F19-A610-1ACE6AF69A75}.Release|Any CPU.Build.0 = Release|Any CPU
		{C9ED011B-3895-4F19-A610-1ACE6AF69A75}.Release|x64.ActiveCfg = Release|Any CPU
		{C9ED011B-3895-4F19-A610-1ACE6AF69A75}.Release|x64.Build.0 = Release|Any CPU
		{C9ED011B-3895-4F19-A610-1ACE6AF69A75}.Release|x86.ActiveCfg = Release|Any CPU
		{C9ED011B-3895-4F19-A610-1ACE6AF69A75}.Release|x86.Build.0 = Release|Any CPU
		{5F57A3C3-5A7B-4ADB-81BB-D809AF6CE1DB}.Debug|Any CPU.ActiveCfg = Debug|Any CPU
		{5F57A3C3-5A7B-4ADB-81BB-D809AF6CE1DB}.Debug|Any CPU.Build.0 = Debug|Any CPU
		{5F57A3C3-5A7B-4ADB-81BB-D809AF6CE1DB}.Debug|x64.ActiveCfg = Debug|Any CPU
		{5F57A3C3-5A7B-4ADB-81BB-D809AF6CE1DB}.Debug|x64.Build.0 = Debug|Any CPU
		{5F57A3C3-5A7B-4ADB-81BB-D809AF6CE1DB}.Debug|x86.ActiveCfg = Debug|Any CPU
		{5F57A3C3-5A7B-4ADB-81BB-D809AF6CE1DB}.Debug|x86.Build.0 = Debug|Any CPU
		{5F57A3C3-5A7B-4ADB-81BB-D809AF6CE1DB}.Release|Any CPU.ActiveCfg = Release|Any CPU
		{5F57A3C3-5A7B-4ADB-81BB-D809AF6CE1DB}.Release|Any CPU.Build.0 = Release|Any CPU
		{5F57A3C3-5A7B-4ADB-81BB-D809AF6CE1DB}.Release|x64.ActiveCfg = Release|Any CPU
		{5F57A3C3-5A7B-4ADB-81BB-D809AF6CE1DB}.Release|x64.Build.0 = Release|Any CPU
		{5F57A3C3-5A7B-4ADB-81BB-D809AF6CE1DB}.Release|x86.ActiveCfg = Release|Any CPU
		{5F57A3C3-5A7B-4ADB-81BB-D809AF6CE1DB}.Release|x86.Build.0 = Release|Any CPU
		{27C196A2-BA50-4591-A2CB-B5DA4C2268EA}.Debug|Any CPU.ActiveCfg = Debug|Any CPU
		{27C196A2-BA50-4591-A2CB-B5DA4C2268EA}.Debug|Any CPU.Build.0 = Debug|Any CPU
		{27C196A2-BA50-4591-A2CB-B5DA4C2268EA}.Debug|x64.ActiveCfg = Debug|Any CPU
		{27C196A2-BA50-4591-A2CB-B5DA4C2268EA}.Debug|x64.Build.0 = Debug|Any CPU
		{27C196A2-BA50-4591-A2CB-B5DA4C2268EA}.Debug|x86.ActiveCfg = Debug|Any CPU
		{27C196A2-BA50-4591-A2CB-B5DA4C2268EA}.Debug|x86.Build.0 = Debug|Any CPU
		{27C196A2-BA50-4591-A2CB-B5DA4C2268EA}.Release|Any CPU.ActiveCfg = Release|Any CPU
		{27C196A2-BA50-4591-A2CB-B5DA4C2268EA}.Release|Any CPU.Build.0 = Release|Any CPU
		{27C196A2-BA50-4591-A2CB-B5DA4C2268EA}.Release|x64.ActiveCfg = Release|Any CPU
		{27C196A2-BA50-4591-A2CB-B5DA4C2268EA}.Release|x64.Build.0 = Release|Any CPU
		{27C196A2-BA50-4591-A2CB-B5DA4C2268EA}.Release|x86.ActiveCfg = Release|Any CPU
		{27C196A2-BA50-4591-A2CB-B5DA4C2268EA}.Release|x86.Build.0 = Release|Any CPU
		{B714592C-6912-4E92-A095-5C16E52E3580}.Debug|Any CPU.ActiveCfg = Debug|Any CPU
		{B714592C-6912-4E92-A095-5C16E52E3580}.Debug|Any CPU.Build.0 = Debug|Any CPU
		{B714592C-6912-4E92-A095-5C16E52E3580}.Debug|x64.ActiveCfg = Debug|Any CPU
		{B714592C-6912-4E92-A095-5C16E52E3580}.Debug|x64.Build.0 = Debug|Any CPU
		{B714592C-6912-4E92-A095-5C16E52E3580}.Debug|x86.ActiveCfg = Debug|Any CPU
		{B714592C-6912-4E92-A095-5C16E52E3580}.Debug|x86.Build.0 = Debug|Any CPU
		{B714592C-6912-4E92-A095-5C16E52E3580}.Release|Any CPU.ActiveCfg = Release|Any CPU
		{B714592C-6912-4E92-A095-5C16E52E3580}.Release|Any CPU.Build.0 = Release|Any CPU
		{B714592C-6912-4E92-A095-5C16E52E3580}.Release|x64.ActiveCfg = Release|Any CPU
		{B714592C-6912-4E92-A095-5C16E52E3580}.Release|x64.Build.0 = Release|Any CPU
		{B714592C-6912-4E92-A095-5C16E52E3580}.Release|x86.ActiveCfg = Release|Any CPU
		{B714592C-6912-4E92-A095-5C16E52E3580}.Release|x86.Build.0 = Release|Any CPU
		{3A1BB40B-7D3D-437D-9FB1-F014C15E3373}.Debug|Any CPU.ActiveCfg = Debug|Any CPU
		{3A1BB40B-7D3D-437D-9FB1-F014C15E3373}.Debug|Any CPU.Build.0 = Debug|Any CPU
		{3A1BB40B-7D3D-437D-9FB1-F014C15E3373}.Debug|x64.ActiveCfg = Debug|Any CPU
		{3A1BB40B-7D3D-437D-9FB1-F014C15E3373}.Debug|x64.Build.0 = Debug|Any CPU
		{3A1BB40B-7D3D-437D-9FB1-F014C15E3373}.Debug|x86.ActiveCfg = Debug|Any CPU
		{3A1BB40B-7D3D-437D-9FB1-F014C15E3373}.Debug|x86.Build.0 = Debug|Any CPU
		{3A1BB40B-7D3D-437D-9FB1-F014C15E3373}.Release|Any CPU.ActiveCfg = Release|Any CPU
		{3A1BB40B-7D3D-437D-9FB1-F014C15E3373}.Release|Any CPU.Build.0 = Release|Any CPU
		{3A1BB40B-7D3D-437D-9FB1-F014C15E3373}.Release|x64.ActiveCfg = Release|Any CPU
		{3A1BB40B-7D3D-437D-9FB1-F014C15E3373}.Release|x64.Build.0 = Release|Any CPU
		{3A1BB40B-7D3D-437D-9FB1-F014C15E3373}.Release|x86.ActiveCfg = Release|Any CPU
		{3A1BB40B-7D3D-437D-9FB1-F014C15E3373}.Release|x86.Build.0 = Release|Any CPU
	EndGlobalSection
	GlobalSection(SolutionProperties) = preSolution
		HideSolutionNode = FALSE
	EndGlobalSection
	GlobalSection(NestedProjects) = preSolution
		{C9ED011B-3895-4F19-A610-1ACE6AF69A75} = {47FE345A-0AC5-DB33-03E4-18A7D96EC018}
		{5F57A3C3-5A7B-4ADB-81BB-D809AF6CE1DB} = {47FE345A-0AC5-DB33-03E4-18A7D96EC018}
		{27C196A2-BA50-4591-A2CB-B5DA4C2268EA} = {47FE345A-0AC5-DB33-03E4-18A7D96EC018}
		{B714592C-6912-4E92-A095-5C16E52E3580} = {47FE345A-0AC5-DB33-03E4-18A7D96EC018}
		{3A1BB40B-7D3D-437D-9FB1-F014C15E3373} = {47FE345A-0AC5-DB33-03E4-18A7D96EC018}
	EndGlobalSection
	GlobalSection(ExtensibilityGlobals) = postSolution
		SolutionGuid = {9AFE4719-A43F-4B03-88DA-B35907282414}
	EndGlobalSection
EndGlobal
